<?xml version="1.0" encoding="utf-8"?>
<Project ToolsVersion="4.0" xmlns="http://schemas.microsoft.com/developer/msbuild/2003">
  <ItemGroup>
    <Filter Include="소스 파일">
      <UniqueIdentifier>{4FC737F1-C7A5-4376-A066-2A32D752A2FF}</UniqueIdentifier>
      <Extensions>cpp;c;cc;cxx;c++;def;odl;idl;hpj;bat;asm;asmx</Extensions>
    </Filter>
    <Filter Include="헤더 파일">
      <UniqueIdentifier>{93995380-89BD-4b04-88EB-625FBE52EBFB}</UniqueIdentifier>
      <Extensions>h;hh;hpp;hxx;h++;hm;inl;inc;ipp;xsd</Extensions>
    </Filter>
    <Filter Include="리소스 파일">
      <UniqueIdentifier>{67DA6AB6-F800-4c08-8B7A-83BB121AAD01}</UniqueIdentifier>
      <Extensions>rc;ico;cur;bmp;dlg;rc2;rct;bin;rgs;gif;jpg;jpeg;jpe;resx;tiff;tif;png;wav;mfcribbon-ms</Extensions>
    </Filter>
    <Filter Include="소스 파일\ta-lib">
      <UniqueIdentifier>{e7ab8f5c-3169-473e-a7c7-424c1f1730e7}</UniqueIdentifier>
    </Filter>
  </ItemGroup>
  <ItemGroup>
    <ClCompile Include="ChartPlotAnalizer.cpp">
      <Filter>소스 파일</Filter>
    </ClCompile>
    <ClCompile Include="ChartAnalizer.cpp">
      <Filter>소스 파일</Filter>
    </ClCompile>
  </ItemGroup>
  <ItemGroup>
    <ClInclude Include="ta-lib\ta_common.h">
      <Filter>소스 파일\ta-lib</Filter>
    </ClInclude>
    <ClInclude Include="ta-lib\ta_defs.h">
      <Filter>소스 파일\ta-lib</Filter>
    </ClInclude>
    <ClInclude Include="ta-lib\ta_func.h">
      <Filter>소스 파일\ta-lib</Filter>
    </ClInclude>
    <ClInclude Include="ta-lib\ta_libc.h">
      <Filter>소스 파일\ta-lib</Filter>
    </ClInclude>
    <ClInclude Include="ta-lib\ta_abstract.h">
      <Filter>소스 파일\ta-lib</Filter>
    </ClInclude>
    <ClInclude Include="ChartAnalizer.h">
      <Filter>헤더 파일</Filter>
    </ClInclude>
    <ClInclude Include="ChartAnalizerCommon.h">
      <Filter>헤더 파일</Filter>
    </ClInclude>
  </ItemGroup>
  <ItemGroup>
    <Library Include="ta-lib\ta_common_cdd.lib">
      <Filter>소스 파일\ta-lib</Filter>
    </Library>
    <Library Include="ta-lib\ta_func_cdd.lib">
      <Filter>소스 파일\ta-lib</Filter>
    </Library>
    <Library Include="ta-lib\ta_libc_cdd.lib">
      <Filter>소스 파일\ta-lib</Filter>
    </Library>
    <Library Include="ta-lib\ta_abstract_cdd.lib">
      <Filter>소스 파일\ta-lib</Filter>
    </Library>
  </ItemGroup>
</Project>