{
  "requires": true,
  "lockfileVersion": 1,
  "dependencies": {
    "node-ta": {
      "version": "1.0.0",
      "resolved": "https://registry.npmjs.org/node-ta/-/node-ta-1.0.0.tgz",
      "integrity": "sha512-buNGZ02pMOJfn4WyTBbAwfKSTdiNbWaR2+zSAQlwKnkDbbv9G0GZBgZSWyrgGC3rP4oyMN2DQI2buhiERAusIQ=="
    }
  }
}
